{
  "lockfileVersion": 1,
  "configVersion": 1,
  "workspaces": {
    "": {
      "name": "@vibehard/gate-check",
      "dependencies": {
        "@electric-sql/pglite": "^0.5.3",
        "ai": "^6.0.208",
      },
      "devDependencies": {
        "@types/bun": "^1.1.14",
        "fast-check": "^4.8.0",
        "typescript": "^5.7.2",
      },
    },
  },
  "packages": {
    "@ai-sdk/gateway": ["@ai-sdk/gateway@3.0.148", "", { "dependencies": { "@ai-sdk/provider": "3.0.14", "@ai-sdk/provider-utils": "4.0.38", "@vercel/oidc": "3.2.0" }, "peerDependencies": { "zod": "^3.25.76 || ^4.1.8" } }, "sha512-C/mTeSdmhu8dAnH3vZaRXffD8Oewo1r4QEGxvCdR8eC9b4PKPs2CLsbg3DVJH/X3Bea5fAu87Ob7P3fSS+oq/g=="],

    "@ai-sdk/provider": ["@ai-sdk/provider@3.0.14", "", { "dependencies": { "json-schema": "^0.4.0" } }, "sha512-5X1k57JBJ4H7H1QjX7CnJYAB1I19r/trVZTMcSms7/kLNZ8RaU4Nt2agcwZzv82Hfx6Q7/TOLU7agAKeFfc8cA=="],

    "@ai-sdk/provider-utils": ["@ai-sdk/provider-utils@4.0.38", "", { "dependencies": { "@ai-sdk/provider": "3.0.14", "@standard-schema/spec": "^1.1.0", "eventsource-parser": "^3.0.8" }, "peerDependencies": { "zod": "^3.25.76 || ^4.1.8" } }, "sha512-/HHGmtKllqjg1OLc023v9w9kK3laW7Z6TzfZukYQWCsGBbzB9p60zTvvpXFVcs44NZBVXL3viOa1HRKUbeee8g=="],

    "@electric-sql/pglite": ["@electric-sql/pglite@0.5.4", "", {}, "sha512-yYZUyyXrHU7tPlCjwZQJ6hIG9DscdCCn7Uk0mYKwC1FeHX286AbcmFveMiRBEak8e9iPupjsoVImN3yJZVed2g=="],

    "@opentelemetry/api": ["@opentelemetry/api@1.9.1", "", {}, "sha512-gLyJlPHPZYdAk1JENA9LeHejZe1Ti77/pTeFm/nMXmQH/HFZlcS/O2XJB+L8fkbrNSqhdtlvjBVjxwUYanNH5Q=="],

    "@standard-schema/spec": ["@standard-schema/spec@1.1.0", "", {}, "sha512-l2aFy5jALhniG5HgqrD6jXLi/rUWrKvqN/qJx6yoJsgKhblVd+iqqU4RCXavm/jPityDo5TCvKMnpjKnOriy0w=="],

    "@types/bun": ["@types/bun@1.3.14", "", { "dependencies": { "bun-types": "1.3.14" } }, "sha512-h1hFqFVcvAvD9j9K7ZW7vd82aSA+rTdznZa+5bwvCwqSB1jmmfLcbIWhOLx1/+boy/xmjgCs/OMUL8hRJSmnPw=="],

    "@types/node": ["@types/node@26.1.1", "", { "dependencies": { "undici-types": "~8.3.0" } }, "sha512-nxAkRSVkN1Y0JC1W8ky/fTfkGsMmcrRsbx+3XoZE+rMOX71kLYTV7fLXpqud1GpbpP5TuffXFqfX7fH2GgZREw=="],

    "@vercel/oidc": ["@vercel/oidc@3.2.0", "", {}, "sha512-UycprH3T6n3jH0k44NHMa7pnFHGu/N05MjojYr+Mc6I7obkoLIJujSWwin1pCvdy/eOxrI/l3uDLQsmcrOb4ug=="],

    "ai": ["ai@6.0.224", "", { "dependencies": { "@ai-sdk/gateway": "3.0.148", "@ai-sdk/provider": "3.0.14", "@ai-sdk/provider-utils": "4.0.38", "@opentelemetry/api": "^1.9.0" }, "peerDependencies": { "zod": "^3.25.76 || ^4.1.8" } }, "sha512-plo+hHwMANM+P6FjX8RN6W8c8so5NVZGwvDGCWGWwIbvI5tc0ZV1zhr9v/Kq78zyxKZWE50YCSYbqGiPFEhGww=="],

    "bun-types": ["bun-types@1.3.14", "", { "dependencies": { "@types/node": "*" } }, "sha512-4N0ig0fEomHt5R0KCFWjovxow98rIoRwKolrYdCcknNwMekCXRnWEUvgu5soYV8QXtVsrUD8B95MBOZGPvr6KQ=="],

    "eventsource-parser": ["eventsource-parser@3.1.0", "", {}, "sha512-kJezFj9YFAMLeORyi7aCLxLbD5/qWMQnoMVlVPyHIll7lgRJCc3JVln9Vgl9nwQi0YkMnhdGTMNn7CkRRAptMg=="],

    "fast-check": ["fast-check@4.9.0", "", { "dependencies": { "pure-rand": "^8.0.0" } }, "sha512-7ms6T7SybUev/PQITciI0yLM2pOSFy5zpG8Ty7tQofcVaQUvrMXp6CBwqF6fThLCLOrfBtuHAtwq6Yu4XPCllg=="],

    "json-schema": ["json-schema@0.4.0", "", {}, "sha512-es94M3nTIfsEPisRafak+HDLfHXnKBhV3vU5eqPcS3flIWqcxJWgXHXiey3YrpaNsanY5ei1VoYEbOzijuq9BA=="],

    "pure-rand": ["pure-rand@8.4.2", "", {}, "sha512-vvuOGgcuPJAirlHvuQw1TrOiw7ptaIXXmIbNuiNOY6lNGJJH49PQ1Kj4nd783nPdQhQdicgOjVI2yI/9BD6/Ng=="],

    "typescript": ["typescript@5.9.3", "", { "bin": { "tsc": "bin/tsc", "tsserver": "bin/tsserver" } }, "sha512-jl1vZzPDinLr9eUt3J/t7V6FgNEw9QjvBPdysz9KfQDD41fQrC2Y4vKQdiaUpFT4bXlb1RHhLpp8wtm6M5TgSw=="],

    "undici-types": ["undici-types@8.3.0", "", {}, "sha512-j375ScV60dom+YkPFIfTLcOiPxkN/buHz5GobjLhixFuANaNs3C9l4GmrWqejgXWJ7BbJcFYpTEUkS1Ge8bpZQ=="],

    "zod": ["zod@4.4.3", "", {}, "sha512-ytENFjIJFl2UwYglde2jchW2Hwm4GJFLDiSXWdTrJQBIN9Fcyp7n4DhxJEiWNAJMV1/BqWfW/kkg71UDcHJyTQ=="],
  }
}
