{
  "name": "vuln-deps",
  "version": "1.0.0",
  "lockfileVersion": 3,
  "requires": true,
  "packages": {
    "": {
      "name": "vuln-deps",
      "version": "1.0.0",
      "dependencies": {
        "lodash": "4.17.4"
      }
    },
    "node_modules/lodash": {
      "version": "4.17.4",
      "resolved": "https://registry.npmjs.org/lodash/-/lodash-4.17.4.tgz",
      "integrity": "sha512-6X37Iup8MGY7G3Vsk6cqJB9XSjeoNkbBQbZ1nBJSk7E0e3VYqLPmMx7N8pQ7Dn3y6lq3z9P0Q0xQ0Q0Q0Q0Q=="
    }
  }
}
